
Microsoft Visual Studio Solution File, Format Version 12.00
# Visual Studio Version 17
VisualStudioVersion = 17.0.32112.339
MinimumVisualStudioVersion = 10.0.40219.1
Project("{FAE04EC0-301F-11D3-BF4B-00C04F79EFBC}") = "RedisConsumer.Worker", "RedisConsumer.Worker\RedisConsumer.Worker.csproj", "{600875A3-FA71-477D-B10E-79955465B84A}"
EndProject
Global
	GlobalSection(SolutionConfigurationPlatforms) = preSolution
		Debug|Any CPU = Debug|Any CPU
		Release|Any CPU = Release|Any CPU
	EndGlobalSection
	GlobalSection(ProjectConfigurationPlatforms) = postSolution
		{600875A3-FA71-477D-B10E-79955465B84A}.Debug|Any CPU.ActiveCfg = Debug|Any CPU
		{600875A3-FA71-477D-B10E-79955465B84A}.Debug|Any CPU.Build.0 = Debug|Any CPU
		{600875A3-FA71-477D-B10E-79955465B84A}.Release|Any CPU.ActiveCfg = Release|Any CPU
		{600875A3-FA71-477D-B10E-79955465B84A}.Release|Any CPU.Build.0 = Release|Any CPU
	EndGlobalSection
	GlobalSection(SolutionProperties) = preSolution
		HideSolutionNode = FALSE
	EndGlobalSection
	GlobalSection(ExtensibilityGlobals) = postSolution
		SolutionGuid = {3862E765-3490-4863-8CF6-9CDAE728DBC6}
	EndGlobalSection
EndGlobal
